
Microsoft Visual Studio Solution File, Format Version 12.00
# Visual Studio 15
VisualStudioVersion = 15.0.27130.2036
MinimumVisualStudioVersion = 10.0.40219.1
Project("{FAE04EC0-301F-11D3-BF4B-00C04F79EFBC}") = "qr_test", "qr_test\qr_test.csproj", "{24224570-4580-4581-8409-8D9490277C1B}"
EndProject
Global
	GlobalSection(SolutionConfigurationPlatforms) = preSolution
		Debug|Any CPU = Debug|Any CPU
		Release|Any CPU = Release|Any CPU
	EndGlobalSection
	GlobalSection(ProjectConfigurationPlatforms) = postSolution
		{24224570-4580-4581-8409-8D9490277C1B}.Debug|Any CPU.ActiveCfg = Debug|Any CPU
		{24224570-4580-4581-8409-8D9490277C1B}.Debug|Any CPU.Build.0 = Debug|Any CPU
		{24224570-4580-4581-8409-8D9490277C1B}.Release|Any CPU.ActiveCfg = Release|Any CPU
		{24224570-4580-4581-8409-8D9490277C1B}.Release|Any CPU.Build.0 = Release|Any CPU
	EndGlobalSection
	GlobalSection(SolutionProperties) = preSolution
		HideSolutionNode = FALSE
	EndGlobalSection
	GlobalSection(ExtensibilityGlobals) = postSolution
		SolutionGuid = {FD2EC2D5-DF7C-43F6-90AD-AF884893CBC7}
	EndGlobalSection
EndGlobal
